// !$*UTF8*$!
{
	archiveVersion = 1;
	classes = {
	};
	objectVersion = 46;
	objects = {

/* Begin PBXFileReference section */
		8BC2884B192D529E009D54D2 /* File */ = {isa = PBXFileReference; lastKnownFileType = text; path = File; sourceTree = "<group>"; };
		8BC2884C192D5F62009D54D2 /* question8 */ = {isa = PBXFileReference; lastKnownFileType = text; path = question8; sourceTree = "<group>"; };
		8BC2884D192D5F6F009D54D2 /* question8.h */ = {isa = PBXFileReference; lastKnownFileType = sourcecode.c.h; path = question8.h; sourceTree = "<group>"; };
		8BC2884E192D730D009D54D2 /* q9.cpp */ = {isa = PBXFileReference; lastKnownFileType = sourcecode.cpp.cpp; path = q9.cpp; sourceTree = "<group>"; };
/* End PBXFileReference section */

/* Begin PBXGroup section */
		8BC28844192D5295009D54D2 = {
			isa = PBXGroup;
			children = (
				8BC2884B192D529E009D54D2 /* File */,
				8BC2884E192D730D009D54D2 /* q9.cpp */,
				8BC2884C192D5F62009D54D2 /* question8 */,
				8BC2884D192D5F6F009D54D2 /* question8.h */,
			);
			sourceTree = "<group>";
		};
/* End PBXGroup section */

/* Begin PBXProject section */
		8BC28845192D5295009D54D2 /* Project object */ = {
			isa = PBXProject;
			attributes = {
				LastUpgradeCheck = 0510;
			};
			buildConfigurationList = 8BC28848192D5295009D54D2 /* Build configuration list for PBXProject "cs 66 final" */;
			compatibilityVersion = "Xcode 3.2";
			developmentRegion = English;
			hasScannedForEncodings = 0;
			knownRegions = (
				en,
			);
			mainGroup = 8BC28844192D5295009D54D2;
			projectDirPath = "";
			projectRoot = "";
			targets = (
			);
		};
/* End PBXProject section */

/* Begin XCBuildConfiguration section */
		8BC28849192D5295009D54D2 /* Debug */ = {
			isa = XCBuildConfiguration;
			buildSettings = {
			};
			name = Debug;
		};
		8BC2884A192D5295009D54D2 /* Release */ = {
			isa = XCBuildConfiguration;
			buildSettings = {
			};
			name = Release;
		};
/* End XCBuildConfiguration section */

/* Begin XCConfigurationList section */
		8BC28848192D5295009D54D2 /* Build configuration list for PBXProject "cs 66 final" */ = {
			isa = XCConfigurationList;
			buildConfigurations = (
				8BC28849192D5295009D54D2 /* Debug */,
				8BC2884A192D5295009D54D2 /* Release */,
			);
			defaultConfigurationIsVisible = 0;
			defaultConfigurationName = Release;
		};
/* End XCConfigurationList section */
	};
	rootObject = 8BC28845192D5295009D54D2 /* Project object */;
}
